
Microsoft Visual Studio Solution File, Format Version 12.00
# Visual Studio Version 17
VisualStudioVersion = 17.2.32616.157
MinimumVisualStudioVersion = 10.0.40219.1
Project("{FAE04EC0-301F-11D3-BF4B-00C04F79EFBC}") = "CustomLoadingScreens", "CustomLoadingScreens.csproj", "{4E71C37A-47B1-4E5F-9E1E-D3E056A914DF}"
EndProject
Global
	GlobalSection(SolutionConfigurationPlatforms) = preSolution
		Debug|Any CPU = Debug|Any CPU
		Release|Any CPU = Release|Any CPU
	EndGlobalSection
	GlobalSection(ProjectConfigurationPlatforms) = postSolution
		{4E71C37A-47B1-4E5F-9E1E-D3E056A914DF}.Debug|Any CPU.ActiveCfg = Debug|Any CPU
		{4E71C37A-47B1-4E5F-9E1E-D3E056A914DF}.Debug|Any CPU.Build.0 = Debug|Any CPU
		{4E71C37A-47B1-4E5F-9E1E-D3E056A914DF}.Release|Any CPU.ActiveCfg = Release|Any CPU
		{4E71C37A-47B1-4E5F-9E1E-D3E056A914DF}.Release|Any CPU.Build.0 = Release|Any CPU
	EndGlobalSection
	GlobalSection(SolutionProperties) = preSolution
		HideSolutionNode = FALSE
	EndGlobalSection
	GlobalSection(ExtensibilityGlobals) = postSolution
		SolutionGuid = {777ABE43-AAF4-4493-A8D1-F44625FF3764}
	EndGlobalSection
EndGlobal
